
Microsoft Visual Studio Solution File, Format Version 12.00
Project("{FAE04EC0-301F-11D3-BF4B-00C04F79EFBC}") = "Huffmanovo", "Huffmanovo\Huffmanovo.csproj", "{5870390A-9247-4009-947B-2B51D5B7EACA}"
EndProject
Global
	GlobalSection(SolutionConfigurationPlatforms) = preSolution
		Debug|Any CPU = Debug|Any CPU
		Release|Any CPU = Release|Any CPU
	EndGlobalSection
	GlobalSection(ProjectConfigurationPlatforms) = postSolution
		{5870390A-9247-4009-947B-2B51D5B7EACA}.Debug|Any CPU.ActiveCfg = Debug|Any CPU
		{5870390A-9247-4009-947B-2B51D5B7EACA}.Debug|Any CPU.Build.0 = Debug|Any CPU
		{5870390A-9247-4009-947B-2B51D5B7EACA}.Release|Any CPU.ActiveCfg = Release|Any CPU
		{5870390A-9247-4009-947B-2B51D5B7EACA}.Release|Any CPU.Build.0 = Release|Any CPU
	EndGlobalSection
EndGlobal
